{
  "name": "fp-ts-demo",
  "version": "1.0.0",
  "lockfileVersion": 2,
  "requires": true,
  "packages": {
    "": {
      "name": "fp-ts-demo",
      "version": "1.0.0",
      "license": "MIT",
      "dependencies": {
        "fp-ts": "^2.13.1",
        "fp-ts-contrib": "^0.1.29"
      }
    },
    "node_modules/fp-ts": {
      "version": "2.13.1",
      "resolved": "https://registry.npmjs.org/fp-ts/-/fp-ts-2.13.1.tgz",
      "integrity": "sha512-0eu5ULPS2c/jsa1lGFneEFFEdTbembJv8e4QKXeVJ3lm/5hyve06dlKZrpxmMwJt6rYen7sxmHHK2CLaXvWuWQ=="
    },
    "node_modules/fp-ts-contrib": {
      "version": "0.1.29",
      "resolved": "https://registry.npmjs.org/fp-ts-contrib/-/fp-ts-contrib-0.1.29.tgz",
      "integrity": "sha512-y+f+xlZqYgj2t+Alu/oat10UC491PByvH7XrT0ITc/DbDJK7LDJLShZJy2orjE7PlcJkO5niDenc1A/woyeB/Q==",
      "peerDependencies": {
        "fp-ts": "^2.1.2"
      }
    }
  },
  "dependencies": {
    "fp-ts": {
      "version": "2.13.1",
      "resolved": "https://registry.npmjs.org/fp-ts/-/fp-ts-2.13.1.tgz",
      "integrity": "sha512-0eu5ULPS2c/jsa1lGFneEFFEdTbembJv8e4QKXeVJ3lm/5hyve06dlKZrpxmMwJt6rYen7sxmHHK2CLaXvWuWQ=="
    },
    "fp-ts-contrib": {
      "version": "0.1.29",
      "resolved": "https://registry.npmjs.org/fp-ts-contrib/-/fp-ts-contrib-0.1.29.tgz",
      "integrity": "sha512-y+f+xlZqYgj2t+Alu/oat10UC491PByvH7XrT0ITc/DbDJK7LDJLShZJy2orjE7PlcJkO5niDenc1A/woyeB/Q==",
      "requires": {}
    }
  }
}
