# THIS IS AN AUTOGENERATED FILE. DO NOT EDIT THIS FILE DIRECTLY.
# yarn lockfile v1


fp-ts-contrib@^0.1.29:
  version "0.1.29"
  resolved "https://registry.yarnpkg.com/fp-ts-contrib/-/fp-ts-contrib-0.1.29.tgz#5d3c07bab21bb1c0491ca8d6f82d75fc7463b0cf"
  integrity sha512-y+f+xlZqYgj2t+Alu/oat10UC491PByvH7XrT0ITc/DbDJK7LDJLShZJy2orjE7PlcJkO5niDenc1A/woyeB/Q==

fp-ts@^2.13.1:
  version "2.13.1"
  resolved "https://registry.yarnpkg.com/fp-ts/-/fp-ts-2.13.1.tgz#1bf2b24136cca154846af16752dc29e8fa506f2a"
  integrity sha512-0eu5ULPS2c/jsa1lGFneEFFEdTbembJv8e4QKXeVJ3lm/5hyve06dlKZrpxmMwJt6rYen7sxmHHK2CLaXvWuWQ==
