# THIS IS AN AUTOGENERATED FILE. DO NOT EDIT THIS FILE DIRECTLY.
# yarn lockfile v1


"fp-ts-contrib@^0.1.29":
  "integrity" "sha512-y+f+xlZqYgj2t+Alu/oat10UC491PByvH7XrT0ITc/DbDJK7LDJLShZJy2orjE7PlcJkO5niDenc1A/woyeB/Q=="
  "resolved" "https://registry.npmjs.org/fp-ts-contrib/-/fp-ts-contrib-0.1.29.tgz"
  "version" "0.1.29"

"fp-ts@^2.1.2", "fp-ts@^2.13.1":
  "integrity" "sha512-0eu5ULPS2c/jsa1lGFneEFFEdTbembJv8e4QKXeVJ3lm/5hyve06dlKZrpxmMwJt6rYen7sxmHHK2CLaXvWuWQ=="
  "resolved" "https://registry.npmjs.org/fp-ts/-/fp-ts-2.13.1.tgz"
  "version" "2.13.1"
